
Microsoft Visual Studio Solution File, Format Version 12.00
# Visual Studio Version 16
VisualStudioVersion = 16.0.30320.27
MinimumVisualStudioVersion = 10.0.40219.1
Project("{FAE04EC0-301F-11D3-BF4B-00C04F79EFBC}") = "WhileIterationStatement", "WhileIterationStatement\WhileIterationStatement.csproj", "{FEFF1D1D-4461-4B65-BE17-A5C74AB95635}"
EndProject
Global
	GlobalSection(SolutionConfigurationPlatforms) = preSolution
		Debug|Any CPU = Debug|Any CPU
		Release|Any CPU = Release|Any CPU
	EndGlobalSection
	GlobalSection(ProjectConfigurationPlatforms) = postSolution
		{FEFF1D1D-4461-4B65-BE17-A5C74AB95635}.Debug|Any CPU.ActiveCfg = Debug|Any CPU
		{FEFF1D1D-4461-4B65-BE17-A5C74AB95635}.Debug|Any CPU.Build.0 = Debug|Any CPU
		{FEFF1D1D-4461-4B65-BE17-A5C74AB95635}.Release|Any CPU.ActiveCfg = Release|Any CPU
		{FEFF1D1D-4461-4B65-BE17-A5C74AB95635}.Release|Any CPU.Build.0 = Release|Any CPU
	EndGlobalSection
	GlobalSection(SolutionProperties) = preSolution
		HideSolutionNode = FALSE
	EndGlobalSection
	GlobalSection(ExtensibilityGlobals) = postSolution
		SolutionGuid = {39D50D17-C224-4728-B4D3-4DEEB7DCA55C}
	EndGlobalSection
EndGlobal
